
Microsoft Visual Studio Solution File, Format Version 12.00
# Visual Studio 2013
VisualStudioVersion = 12.0.40629.0
MinimumVisualStudioVersion = 10.0.40219.1
Project("{8BC9CEB8-8B4A-11D0-8D11-00A0C91BC942}") = "FirstDirectXProgram", "FirstDirectXProgram\FirstDirectXProgram.vcxproj", "{92D5D4AA-F13F-474F-BA28-902F3F89ABCB}"
EndProject
Global
	GlobalSection(SolutionConfigurationPlatforms) = preSolution
		Debug|Win32 = Debug|Win32
		Release|Win32 = Release|Win32
	EndGlobalSection
	GlobalSection(ProjectConfigurationPlatforms) = postSolution
		{92D5D4AA-F13F-474F-BA28-902F3F89ABCB}.Debug|Win32.ActiveCfg = Debug|Win32
		{92D5D4AA-F13F-474F-BA28-902F3F89ABCB}.Debug|Win32.Build.0 = Debug|Win32
		{92D5D4AA-F13F-474F-BA28-902F3F89ABCB}.Release|Win32.ActiveCfg = Release|Win32
		{92D5D4AA-F13F-474F-BA28-902F3F89ABCB}.Release|Win32.Build.0 = Release|Win32
	EndGlobalSection
	GlobalSection(SolutionProperties) = preSolution
		HideSolutionNode = FALSE
	EndGlobalSection
EndGlobal
